{
  "name": "semester-project-uprm-gamified_gym",
<<<<<<< HEAD
  "lockfileVersion": 3,
  "requires": true,
  "packages": {}
=======
  "version": "1.0.0",
  "lockfileVersion": 3,
  "requires": true,
  "packages": {
    "": {
      "name": "semester-project-uprm-gamified_gym",
      "version": "1.0.0",
      "license": "ISC"
    }
  }
>>>>>>> ba337d4e74ad504f0b5cb2757e685947123b0eca
}
